
Microsoft Visual Studio Solution File, Format Version 12.00
# Visual Studio Version 17
VisualStudioVersion = 17.7.34031.279
MinimumVisualStudioVersion = 10.0.40219.1
Project("{2150E333-8FDC-42A3-9474-1A3956D46DE8}") = "01 - Lista de Exercicios Sequenciais", "01 - Lista de Exercicios Sequenciais", "{E71A5F50-2989-41C6-B6F3-41987C76464E}"
EndProject
Project("{FAE04EC0-301F-11D3-BF4B-00C04F79EFBC}") = "Academia.NET.ExerciciosSequenciais", "..\..\..\..\Academia.NET\ListadeExercicioSequencial\Academia.NET.ExerciciosSequenciais\Academia.NET.ExerciciosSequenciais.csproj", "{9C0FED06-2836-450D-984E-EF40229CE101}"
EndProject
Global
	GlobalSection(SolutionConfigurationPlatforms) = preSolution
		Debug|Any CPU = Debug|Any CPU
		Release|Any CPU = Release|Any CPU
	EndGlobalSection
	GlobalSection(ProjectConfigurationPlatforms) = postSolution
		{9C0FED06-2836-450D-984E-EF40229CE101}.Debug|Any CPU.ActiveCfg = Debug|Any CPU
		{9C0FED06-2836-450D-984E-EF40229CE101}.Debug|Any CPU.Build.0 = Debug|Any CPU
		{9C0FED06-2836-450D-984E-EF40229CE101}.Release|Any CPU.ActiveCfg = Release|Any CPU
		{9C0FED06-2836-450D-984E-EF40229CE101}.Release|Any CPU.Build.0 = Release|Any CPU
	EndGlobalSection
	GlobalSection(SolutionProperties) = preSolution
		HideSolutionNode = FALSE
	EndGlobalSection
	GlobalSection(NestedProjects) = preSolution
		{9C0FED06-2836-450D-984E-EF40229CE101} = {E71A5F50-2989-41C6-B6F3-41987C76464E}
	EndGlobalSection
	GlobalSection(ExtensibilityGlobals) = postSolution
		SolutionGuid = {DB63E637-B366-4833-861A-2FCBCFC071FF}
	EndGlobalSection
EndGlobal
