
Microsoft Visual Studio Solution File, Format Version 12.00
# Visual Studio Version 17
VisualStudioVersion = 17.7.34031.279
MinimumVisualStudioVersion = 10.0.40219.1
Project("{FAE04EC0-301F-11D3-BF4B-00C04F79EFBC}") = "ListaExercíciosSelecao", "ListaExercíciosSelecao.csproj", "{3E578FAA-BF75-467F-AF36-82B4E3D5DDBC}"
EndProject
Global
	GlobalSection(SolutionConfigurationPlatforms) = preSolution
		Debug|Any CPU = Debug|Any CPU
		Release|Any CPU = Release|Any CPU
	EndGlobalSection
	GlobalSection(ProjectConfigurationPlatforms) = postSolution
		{3E578FAA-BF75-467F-AF36-82B4E3D5DDBC}.Debug|Any CPU.ActiveCfg = Debug|Any CPU
		{3E578FAA-BF75-467F-AF36-82B4E3D5DDBC}.Debug|Any CPU.Build.0 = Debug|Any CPU
		{3E578FAA-BF75-467F-AF36-82B4E3D5DDBC}.Release|Any CPU.ActiveCfg = Release|Any CPU
		{3E578FAA-BF75-467F-AF36-82B4E3D5DDBC}.Release|Any CPU.Build.0 = Release|Any CPU
	EndGlobalSection
	GlobalSection(SolutionProperties) = preSolution
		HideSolutionNode = FALSE
	EndGlobalSection
	GlobalSection(ExtensibilityGlobals) = postSolution
		SolutionGuid = {E210E3AE-17A7-41CB-8AA2-E9C4AD0B0146}
	EndGlobalSection
EndGlobal
